
Microsoft Visual Studio Solution File, Format Version 12.00
# Visual Studio Version 17
VisualStudioVersion = 17.0.31903.59
MinimumVisualStudioVersion = 10.0.40219.1
Project("{2150E333-8FDC-42A3-9474-1A3956D46DE8}") = "Services", "Services", "{7FE6C585-0D17-4DDF-A8B3-4F192BDDF174}"
EndProject
Project("{2150E333-8FDC-42A3-9474-1A3956D46DE8}") = "Solution Items", "Solution Items", "{EC913F4E-10DA-46C6-82D1-103DA481C0DA}"
	ProjectSection(SolutionItems) = preProject
		Info.txt = Info.txt
	EndProjectSection
EndProject
Project("{9A19103F-16F7-4668-BE54-9A1E7A4F7556}") = "Ecommerce.Services.Catalog.API", "Services\CatalogAPI\Ecommerce.Services.Catalog.API.csproj", "{1ADE6B01-70A2-4A77-839F-02A368D6BF31}"
EndProject
Project("{2150E333-8FDC-42A3-9474-1A3956D46DE8}") = "Core", "Core", "{383476B7-6AD2-43AD-A852-E032DFCE06A7}"
EndProject
Project("{9A19103F-16F7-4668-BE54-9A1E7A4F7556}") = "Core", "Core\Core.csproj", "{46C6D780-3ADC-4831-B004-5ACC41966C96}"
EndProject
Project("{9A19103F-16F7-4668-BE54-9A1E7A4F7556}") = "Ecommerce.Services.PhotoService.API", "Services\PhotoServiceAPI\Ecommerce.Services.PhotoService.API.csproj", "{8DC2C7AA-37AC-46D4-81C9-D7453CE1E580}"
EndProject
Project("{9A19103F-16F7-4668-BE54-9A1E7A4F7556}") = "Ecommerce.Services.ShoppingCart.API", "Services\ShoppingCartAPI\Ecommerce.Services.ShoppingCart.API.csproj", "{70A39804-6C73-4FF7-864A-DD39C2ABEA9F}"
EndProject
Project("{9A19103F-16F7-4668-BE54-9A1E7A4F7556}") = "Ecommerce.Services.CouponCode.API", "Services\CouponAPI\Ecommerce.Services.CouponCode.API.csproj", "{A25743DE-E604-4236-B918-EA70426404EE}"
EndProject
Project("{2150E333-8FDC-42A3-9474-1A3956D46DE8}") = "Catalog", "Catalog", "{7B486CB2-D8DB-4C78-9F5C-E4746157AB74}"
EndProject
Project("{2150E333-8FDC-42A3-9474-1A3956D46DE8}") = "CouponCode", "CouponCode", "{4D004139-AE23-494E-A81F-47D19987BA53}"
EndProject
Project("{2150E333-8FDC-42A3-9474-1A3956D46DE8}") = "Identity", "Identity", "{1DBDDF25-99FF-4DE3-B78A-00C5DE0FDF28}"
EndProject
Project("{2150E333-8FDC-42A3-9474-1A3956D46DE8}") = "Photo", "Photo", "{CD60A916-3104-4F2F-9727-3439F28F8427}"
EndProject
Project("{2150E333-8FDC-42A3-9474-1A3956D46DE8}") = "ShoppingCart", "ShoppingCart", "{E96C7130-FC54-47E4-810E-77210BA4BA1A}"
EndProject
Project("{2150E333-8FDC-42A3-9474-1A3956D46DE8}") = "Order", "Order", "{1435605D-EC29-497A-ACA8-01212D588560}"
EndProject
Project("{9A19103F-16F7-4668-BE54-9A1E7A4F7556}") = "Ecommerce.Services.Order.API", "Services\Order\Ecommerce.Services.Order.API\Ecommerce.Services.Order.API.csproj", "{6D0B0022-178F-4096-90B4-A18A5BFED24D}"
EndProject
Project("{9A19103F-16F7-4668-BE54-9A1E7A4F7556}") = "IdentityServer", "Services\IdentityServer\IdentityServer.csproj", "{36BDA336-139F-4DA2-8E82-E9926A50907A}"
EndProject
Global
	GlobalSection(SolutionConfigurationPlatforms) = preSolution
		Debug|Any CPU = Debug|Any CPU
		Release|Any CPU = Release|Any CPU
	EndGlobalSection
	GlobalSection(ProjectConfigurationPlatforms) = postSolution
		{1ADE6B01-70A2-4A77-839F-02A368D6BF31}.Debug|Any CPU.ActiveCfg = Debug|Any CPU
		{1ADE6B01-70A2-4A77-839F-02A368D6BF31}.Debug|Any CPU.Build.0 = Debug|Any CPU
		{1ADE6B01-70A2-4A77-839F-02A368D6BF31}.Release|Any CPU.ActiveCfg = Release|Any CPU
		{1ADE6B01-70A2-4A77-839F-02A368D6BF31}.Release|Any CPU.Build.0 = Release|Any CPU
		{46C6D780-3ADC-4831-B004-5ACC41966C96}.Debug|Any CPU.ActiveCfg = Debug|Any CPU
		{46C6D780-3ADC-4831-B004-5ACC41966C96}.Debug|Any CPU.Build.0 = Debug|Any CPU
		{46C6D780-3ADC-4831-B004-5ACC41966C96}.Release|Any CPU.ActiveCfg = Release|Any CPU
		{46C6D780-3ADC-4831-B004-5ACC41966C96}.Release|Any CPU.Build.0 = Release|Any CPU
		{8DC2C7AA-37AC-46D4-81C9-D7453CE1E580}.Debug|Any CPU.ActiveCfg = Debug|Any CPU
		{8DC2C7AA-37AC-46D4-81C9-D7453CE1E580}.Debug|Any CPU.Build.0 = Debug|Any CPU
		{8DC2C7AA-37AC-46D4-81C9-D7453CE1E580}.Release|Any CPU.ActiveCfg = Release|Any CPU
		{8DC2C7AA-37AC-46D4-81C9-D7453CE1E580}.Release|Any CPU.Build.0 = Release|Any CPU
		{70A39804-6C73-4FF7-864A-DD39C2ABEA9F}.Debug|Any CPU.ActiveCfg = Debug|Any CPU
		{70A39804-6C73-4FF7-864A-DD39C2ABEA9F}.Debug|Any CPU.Build.0 = Debug|Any CPU
		{70A39804-6C73-4FF7-864A-DD39C2ABEA9F}.Release|Any CPU.ActiveCfg = Release|Any CPU
		{70A39804-6C73-4FF7-864A-DD39C2ABEA9F}.Release|Any CPU.Build.0 = Release|Any CPU
		{A25743DE-E604-4236-B918-EA70426404EE}.Debug|Any CPU.ActiveCfg = Debug|Any CPU
		{A25743DE-E604-4236-B918-EA70426404EE}.Debug|Any CPU.Build.0 = Debug|Any CPU
		{A25743DE-E604-4236-B918-EA70426404EE}.Release|Any CPU.ActiveCfg = Release|Any CPU
		{A25743DE-E604-4236-B918-EA70426404EE}.Release|Any CPU.Build.0 = Release|Any CPU
		{6D0B0022-178F-4096-90B4-A18A5BFED24D}.Debug|Any CPU.ActiveCfg = Debug|Any CPU
		{6D0B0022-178F-4096-90B4-A18A5BFED24D}.Debug|Any CPU.Build.0 = Debug|Any CPU
		{6D0B0022-178F-4096-90B4-A18A5BFED24D}.Release|Any CPU.ActiveCfg = Release|Any CPU
		{6D0B0022-178F-4096-90B4-A18A5BFED24D}.Release|Any CPU.Build.0 = Release|Any CPU
		{36BDA336-139F-4DA2-8E82-E9926A50907A}.Debug|Any CPU.ActiveCfg = Debug|Any CPU
		{36BDA336-139F-4DA2-8E82-E9926A50907A}.Debug|Any CPU.Build.0 = Debug|Any CPU
		{36BDA336-139F-4DA2-8E82-E9926A50907A}.Release|Any CPU.ActiveCfg = Release|Any CPU
		{36BDA336-139F-4DA2-8E82-E9926A50907A}.Release|Any CPU.Build.0 = Release|Any CPU
	EndGlobalSection
	GlobalSection(SolutionProperties) = preSolution
		HideSolutionNode = FALSE
	EndGlobalSection
	GlobalSection(NestedProjects) = preSolution
		{1ADE6B01-70A2-4A77-839F-02A368D6BF31} = {7B486CB2-D8DB-4C78-9F5C-E4746157AB74}
		{46C6D780-3ADC-4831-B004-5ACC41966C96} = {383476B7-6AD2-43AD-A852-E032DFCE06A7}
		{8DC2C7AA-37AC-46D4-81C9-D7453CE1E580} = {CD60A916-3104-4F2F-9727-3439F28F8427}
		{70A39804-6C73-4FF7-864A-DD39C2ABEA9F} = {E96C7130-FC54-47E4-810E-77210BA4BA1A}
		{A25743DE-E604-4236-B918-EA70426404EE} = {4D004139-AE23-494E-A81F-47D19987BA53}
		{7B486CB2-D8DB-4C78-9F5C-E4746157AB74} = {7FE6C585-0D17-4DDF-A8B3-4F192BDDF174}
		{4D004139-AE23-494E-A81F-47D19987BA53} = {7FE6C585-0D17-4DDF-A8B3-4F192BDDF174}
		{1DBDDF25-99FF-4DE3-B78A-00C5DE0FDF28} = {7FE6C585-0D17-4DDF-A8B3-4F192BDDF174}
		{CD60A916-3104-4F2F-9727-3439F28F8427} = {7FE6C585-0D17-4DDF-A8B3-4F192BDDF174}
		{E96C7130-FC54-47E4-810E-77210BA4BA1A} = {7FE6C585-0D17-4DDF-A8B3-4F192BDDF174}
		{1435605D-EC29-497A-ACA8-01212D588560} = {7FE6C585-0D17-4DDF-A8B3-4F192BDDF174}
		{6D0B0022-178F-4096-90B4-A18A5BFED24D} = {1435605D-EC29-497A-ACA8-01212D588560}
		{36BDA336-139F-4DA2-8E82-E9926A50907A} = {1DBDDF25-99FF-4DE3-B78A-00C5DE0FDF28}
	EndGlobalSection
	GlobalSection(ExtensibilityGlobals) = postSolution
		SolutionGuid = {AC7C4BED-4A92-4C94-869D-CDFD363FE61B}
	EndGlobalSection
EndGlobal
