
Microsoft Visual Studio Solution File, Format Version 12.00
# Visual Studio Version 17
VisualStudioVersion = 17.0.31903.59
MinimumVisualStudioVersion = 10.0.40219.1
Project("{2150E333-8FDC-42A3-9474-1A3956D46DE8}") = "Services", "Services", "{7FE6C585-0D17-4DDF-A8B3-4F192BDDF174}"
EndProject
Project("{2150E333-8FDC-42A3-9474-1A3956D46DE8}") = "Solution Items", "Solution Items", "{EC913F4E-10DA-46C6-82D1-103DA481C0DA}"
	ProjectSection(SolutionItems) = preProject
		Info.txt = Info.txt
	EndProjectSection
EndProject
Project("{2150E333-8FDC-42A3-9474-1A3956D46DE8}") = "Core", "Core", "{383476B7-6AD2-43AD-A852-E032DFCE06A7}"
EndProject
Project("{9A19103F-16F7-4668-BE54-9A1E7A4F7556}") = "Core", "Core\Core.csproj", "{46C6D780-3ADC-4831-B004-5ACC41966C96}"
EndProject
Project("{9A19103F-16F7-4668-BE54-9A1E7A4F7556}") = "Ecommerce.Services.PhotoService.API", "Services\PhotoServiceAPI\Ecommerce.Services.PhotoService.API.csproj", "{8DC2C7AA-37AC-46D4-81C9-D7453CE1E580}"
EndProject
Project("{9A19103F-16F7-4668-BE54-9A1E7A4F7556}") = "Ecommerce.Services.ShoppingCart.API", "Services\ShoppingCartAPI\Ecommerce.Services.ShoppingCart.API.csproj", "{70A39804-6C73-4FF7-864A-DD39C2ABEA9F}"
EndProject
Project("{2150E333-8FDC-42A3-9474-1A3956D46DE8}") = "Catalog", "Catalog", "{7B486CB2-D8DB-4C78-9F5C-E4746157AB74}"
	ProjectSection(SolutionItems) = preProject
		Services\CatalogAPI\Entities\appsettings.Development.json = Services\CatalogAPI\Entities\appsettings.Development.json
	EndProjectSection
EndProject
Project("{2150E333-8FDC-42A3-9474-1A3956D46DE8}") = "Identity", "Identity", "{1DBDDF25-99FF-4DE3-B78A-00C5DE0FDF28}"
EndProject
Project("{2150E333-8FDC-42A3-9474-1A3956D46DE8}") = "Photo", "Photo", "{CD60A916-3104-4F2F-9727-3439F28F8427}"
EndProject
Project("{2150E333-8FDC-42A3-9474-1A3956D46DE8}") = "ShoppingCart", "ShoppingCart", "{E96C7130-FC54-47E4-810E-77210BA4BA1A}"
EndProject
Project("{2150E333-8FDC-42A3-9474-1A3956D46DE8}") = "Order", "Order", "{1435605D-EC29-497A-ACA8-01212D588560}"
EndProject
Project("{9A19103F-16F7-4668-BE54-9A1E7A4F7556}") = "Ecommerce.Services.Order.API", "Services\Order\Ecommerce.Services.Order.API\Ecommerce.Services.Order.API.csproj", "{6D0B0022-178F-4096-90B4-A18A5BFED24D}"
EndProject
Project("{9A19103F-16F7-4668-BE54-9A1E7A4F7556}") = "IdentityServer", "Services\IdentityServer\IdentityServer.csproj", "{36BDA336-139F-4DA2-8E82-E9926A50907A}"
EndProject
Project("{9A19103F-16F7-4668-BE54-9A1E7A4F7556}") = "Ecommerce.Services.Order.Application", "Services\Order\Ecommerce.Services.Order.Application\Ecommerce.Services.Order.Application.csproj", "{D3CEA6B9-FD98-4153-A480-790C1254E568}"
EndProject
Project("{9A19103F-16F7-4668-BE54-9A1E7A4F7556}") = "Ecommerce.Services.Order.Domain", "Services\Order\Ecommerce.Services.Order.Domain\Ecommerce.Services.Order.Domain.csproj", "{E6D8978F-544A-46F1-86EA-703DA14E31F1}"
EndProject
Project("{9A19103F-16F7-4668-BE54-9A1E7A4F7556}") = "Ecommerce.Services.Order.Domain.Core", "Services\Order\Ecommerce.Services.Order.Domain.Core\Ecommerce.Services.Order.Domain.Core.csproj", "{026CAFDA-3CA7-4A33-A090-4FC2CDF1C997}"
EndProject
Project("{9A19103F-16F7-4668-BE54-9A1E7A4F7556}") = "Ecommerce.Services.Order.Infrastructure", "Services\Order\Ecommerce.Services.Order.Infrastructure\Ecommerce.Services.Order.Infrastructure.csproj", "{6E27ED84-EB63-460B-8362-DD4575F3B8CB}"
EndProject
Project("{2150E333-8FDC-42A3-9474-1A3956D46DE8}") = "Payment", "Payment", "{E010ECCA-14F5-4922-87B1-FE482A28237D}"
EndProject
Project("{9A19103F-16F7-4668-BE54-9A1E7A4F7556}") = "Ecommerce.Services.Payment.API", "Services\PaymentAPI\Ecommerce.Services.Payment.API.csproj", "{B7B9090C-271E-4D24-B910-A2492AC7DD5B}"
EndProject
Project("{2150E333-8FDC-42A3-9474-1A3956D46DE8}") = "Gateways", "Gateways", "{CF72622C-2469-4E0A-9811-92DFD4262CD2}"
EndProject
Project("{9A19103F-16F7-4668-BE54-9A1E7A4F7556}") = "Ecommerce.Gateway", "Gateways\Ecommerce.Gateway\Ecommerce.Gateway.csproj", "{F0199172-E9F9-49DC-B5BA-DA3C4B35864F}"
EndProject
Project("{9A19103F-16F7-4668-BE54-9A1E7A4F7556}") = "Ecommerce.Services.Catalog.API", "Services\CatalogAPI\Ecommerce.Services.Catalog.API.csproj", "{501BD317-64EB-4C92-9C7E-7814D996BD02}"
EndProject
Global
	GlobalSection(SolutionConfigurationPlatforms) = preSolution
		Debug|Any CPU = Debug|Any CPU
		Release|Any CPU = Release|Any CPU
	EndGlobalSection
	GlobalSection(ProjectConfigurationPlatforms) = postSolution
		{46C6D780-3ADC-4831-B004-5ACC41966C96}.Debug|Any CPU.ActiveCfg = Debug|Any CPU
		{46C6D780-3ADC-4831-B004-5ACC41966C96}.Debug|Any CPU.Build.0 = Debug|Any CPU
		{46C6D780-3ADC-4831-B004-5ACC41966C96}.Release|Any CPU.ActiveCfg = Release|Any CPU
		{46C6D780-3ADC-4831-B004-5ACC41966C96}.Release|Any CPU.Build.0 = Release|Any CPU
		{8DC2C7AA-37AC-46D4-81C9-D7453CE1E580}.Debug|Any CPU.ActiveCfg = Debug|Any CPU
		{8DC2C7AA-37AC-46D4-81C9-D7453CE1E580}.Debug|Any CPU.Build.0 = Debug|Any CPU
		{8DC2C7AA-37AC-46D4-81C9-D7453CE1E580}.Release|Any CPU.ActiveCfg = Release|Any CPU
		{8DC2C7AA-37AC-46D4-81C9-D7453CE1E580}.Release|Any CPU.Build.0 = Release|Any CPU
		{70A39804-6C73-4FF7-864A-DD39C2ABEA9F}.Debug|Any CPU.ActiveCfg = Debug|Any CPU
		{70A39804-6C73-4FF7-864A-DD39C2ABEA9F}.Debug|Any CPU.Build.0 = Debug|Any CPU
		{70A39804-6C73-4FF7-864A-DD39C2ABEA9F}.Release|Any CPU.ActiveCfg = Release|Any CPU
		{70A39804-6C73-4FF7-864A-DD39C2ABEA9F}.Release|Any CPU.Build.0 = Release|Any CPU
		{6D0B0022-178F-4096-90B4-A18A5BFED24D}.Debug|Any CPU.ActiveCfg = Debug|Any CPU
		{6D0B0022-178F-4096-90B4-A18A5BFED24D}.Debug|Any CPU.Build.0 = Debug|Any CPU
		{6D0B0022-178F-4096-90B4-A18A5BFED24D}.Release|Any CPU.ActiveCfg = Release|Any CPU
		{6D0B0022-178F-4096-90B4-A18A5BFED24D}.Release|Any CPU.Build.0 = Release|Any CPU
		{36BDA336-139F-4DA2-8E82-E9926A50907A}.Debug|Any CPU.ActiveCfg = Debug|Any CPU
		{36BDA336-139F-4DA2-8E82-E9926A50907A}.Debug|Any CPU.Build.0 = Debug|Any CPU
		{36BDA336-139F-4DA2-8E82-E9926A50907A}.Release|Any CPU.ActiveCfg = Release|Any CPU
		{36BDA336-139F-4DA2-8E82-E9926A50907A}.Release|Any CPU.Build.0 = Release|Any CPU
		{D3CEA6B9-FD98-4153-A480-790C1254E568}.Debug|Any CPU.ActiveCfg = Debug|Any CPU
		{D3CEA6B9-FD98-4153-A480-790C1254E568}.Debug|Any CPU.Build.0 = Debug|Any CPU
		{D3CEA6B9-FD98-4153-A480-790C1254E568}.Release|Any CPU.ActiveCfg = Release|Any CPU
		{D3CEA6B9-FD98-4153-A480-790C1254E568}.Release|Any CPU.Build.0 = Release|Any CPU
		{E6D8978F-544A-46F1-86EA-703DA14E31F1}.Debug|Any CPU.ActiveCfg = Debug|Any CPU
		{E6D8978F-544A-46F1-86EA-703DA14E31F1}.Debug|Any CPU.Build.0 = Debug|Any CPU
		{E6D8978F-544A-46F1-86EA-703DA14E31F1}.Release|Any CPU.ActiveCfg = Release|Any CPU
		{E6D8978F-544A-46F1-86EA-703DA14E31F1}.Release|Any CPU.Build.0 = Release|Any CPU
		{026CAFDA-3CA7-4A33-A090-4FC2CDF1C997}.Debug|Any CPU.ActiveCfg = Debug|Any CPU
		{026CAFDA-3CA7-4A33-A090-4FC2CDF1C997}.Debug|Any CPU.Build.0 = Debug|Any CPU
		{026CAFDA-3CA7-4A33-A090-4FC2CDF1C997}.Release|Any CPU.ActiveCfg = Release|Any CPU
		{026CAFDA-3CA7-4A33-A090-4FC2CDF1C997}.Release|Any CPU.Build.0 = Release|Any CPU
		{6E27ED84-EB63-460B-8362-DD4575F3B8CB}.Debug|Any CPU.ActiveCfg = Debug|Any CPU
		{6E27ED84-EB63-460B-8362-DD4575F3B8CB}.Debug|Any CPU.Build.0 = Debug|Any CPU
		{6E27ED84-EB63-460B-8362-DD4575F3B8CB}.Release|Any CPU.ActiveCfg = Release|Any CPU
		{6E27ED84-EB63-460B-8362-DD4575F3B8CB}.Release|Any CPU.Build.0 = Release|Any CPU
		{B7B9090C-271E-4D24-B910-A2492AC7DD5B}.Debug|Any CPU.ActiveCfg = Debug|Any CPU
		{B7B9090C-271E-4D24-B910-A2492AC7DD5B}.Debug|Any CPU.Build.0 = Debug|Any CPU
		{B7B9090C-271E-4D24-B910-A2492AC7DD5B}.Release|Any CPU.ActiveCfg = Release|Any CPU
		{B7B9090C-271E-4D24-B910-A2492AC7DD5B}.Release|Any CPU.Build.0 = Release|Any CPU
		{F0199172-E9F9-49DC-B5BA-DA3C4B35864F}.Debug|Any CPU.ActiveCfg = Debug|Any CPU
		{F0199172-E9F9-49DC-B5BA-DA3C4B35864F}.Debug|Any CPU.Build.0 = Debug|Any CPU
		{F0199172-E9F9-49DC-B5BA-DA3C4B35864F}.Release|Any CPU.ActiveCfg = Release|Any CPU
		{F0199172-E9F9-49DC-B5BA-DA3C4B35864F}.Release|Any CPU.Build.0 = Release|Any CPU
		{501BD317-64EB-4C92-9C7E-7814D996BD02}.Debug|Any CPU.ActiveCfg = Debug|Any CPU
		{501BD317-64EB-4C92-9C7E-7814D996BD02}.Debug|Any CPU.Build.0 = Debug|Any CPU
		{501BD317-64EB-4C92-9C7E-7814D996BD02}.Release|Any CPU.ActiveCfg = Release|Any CPU
		{501BD317-64EB-4C92-9C7E-7814D996BD02}.Release|Any CPU.Build.0 = Release|Any CPU
	EndGlobalSection
	GlobalSection(SolutionProperties) = preSolution
		HideSolutionNode = FALSE
	EndGlobalSection
	GlobalSection(NestedProjects) = preSolution
		{46C6D780-3ADC-4831-B004-5ACC41966C96} = {383476B7-6AD2-43AD-A852-E032DFCE06A7}
		{8DC2C7AA-37AC-46D4-81C9-D7453CE1E580} = {CD60A916-3104-4F2F-9727-3439F28F8427}
		{70A39804-6C73-4FF7-864A-DD39C2ABEA9F} = {E96C7130-FC54-47E4-810E-77210BA4BA1A}
		{7B486CB2-D8DB-4C78-9F5C-E4746157AB74} = {7FE6C585-0D17-4DDF-A8B3-4F192BDDF174}
		{1DBDDF25-99FF-4DE3-B78A-00C5DE0FDF28} = {7FE6C585-0D17-4DDF-A8B3-4F192BDDF174}
		{CD60A916-3104-4F2F-9727-3439F28F8427} = {7FE6C585-0D17-4DDF-A8B3-4F192BDDF174}
		{E96C7130-FC54-47E4-810E-77210BA4BA1A} = {7FE6C585-0D17-4DDF-A8B3-4F192BDDF174}
		{1435605D-EC29-497A-ACA8-01212D588560} = {7FE6C585-0D17-4DDF-A8B3-4F192BDDF174}
		{6D0B0022-178F-4096-90B4-A18A5BFED24D} = {1435605D-EC29-497A-ACA8-01212D588560}
		{36BDA336-139F-4DA2-8E82-E9926A50907A} = {1DBDDF25-99FF-4DE3-B78A-00C5DE0FDF28}
		{D3CEA6B9-FD98-4153-A480-790C1254E568} = {1435605D-EC29-497A-ACA8-01212D588560}
		{E6D8978F-544A-46F1-86EA-703DA14E31F1} = {1435605D-EC29-497A-ACA8-01212D588560}
		{026CAFDA-3CA7-4A33-A090-4FC2CDF1C997} = {1435605D-EC29-497A-ACA8-01212D588560}
		{6E27ED84-EB63-460B-8362-DD4575F3B8CB} = {1435605D-EC29-497A-ACA8-01212D588560}
		{E010ECCA-14F5-4922-87B1-FE482A28237D} = {7FE6C585-0D17-4DDF-A8B3-4F192BDDF174}
		{B7B9090C-271E-4D24-B910-A2492AC7DD5B} = {E010ECCA-14F5-4922-87B1-FE482A28237D}
		{F0199172-E9F9-49DC-B5BA-DA3C4B35864F} = {CF72622C-2469-4E0A-9811-92DFD4262CD2}
		{501BD317-64EB-4C92-9C7E-7814D996BD02} = {7B486CB2-D8DB-4C78-9F5C-E4746157AB74}
	EndGlobalSection
	GlobalSection(ExtensibilityGlobals) = postSolution
		SolutionGuid = {AC7C4BED-4A92-4C94-869D-CDFD363FE61B}
	EndGlobalSection
EndGlobal
